<?xml version="1.0" encoding="utf-8"?>
<Project ToolsVersion="4.0" xmlns="http://schemas.microsoft.com/developer/msbuild/2003">
  <ItemGroup>
    <Filter Include="Source Files">
      <UniqueIdentifier>{4FC737F1-C7A5-4376-A066-2A32D752A2FF}</UniqueIdentifier>
      <Extensions>cpp;c;cc;cxx;def;odl;idl;hpj;bat;asm;asmx</Extensions>
    </Filter>
    <Filter Include="Header Files">
      <UniqueIdentifier>{93995380-89BD-4b04-88EB-625FBE52EBFB}</UniqueIdentifier>
      <Extensions>h;hh;hpp;hxx;hm;inl;inc;xsd</Extensions>
    </Filter>
    <Filter Include="Resource Files">
      <UniqueIdentifier>{67DA6AB6-F800-4c08-8B7A-83BB121AAD01}</UniqueIdentifier>
      <Extensions>rc;ico;cur;bmp;dlg;rc2;rct;bin;rgs;gif;jpg;jpeg;jpe;resx;tiff;tif;png;wav;mfcribbon-ms</Extensions>
    </Filter>
    <Filter Include="Header Files\Display">
      <UniqueIdentifier>{4b189b57-289c-4490-b972-fc059ce5e724}</UniqueIdentifier>
    </Filter>
    <Filter Include="Header Files\Environment">
      <UniqueIdentifier>{84038b3b-3eeb-48d2-a986-ebce9109e133}</UniqueIdentifier>
    </Filter>
    <Filter Include="Header Files\Sound">
      <UniqueIdentifier>{5e3a91e7-547c-4d14-b3fd-3a478d5e03a6}</UniqueIdentifier>
    </Filter>
    <Filter Include="Header Files\Config">
      <UniqueIdentifier>{1e77df0e-7a6f-46f1-906f-5f966aea51bd}</UniqueIdentifier>
    </Filter>
  </ItemGroup>
  <ItemGroup>
    <ClCompile Include="src\config_impl.cpp">
      <Filter>Source Files</Filter>
    </ClCompile>
    <ClCompile Include="src\fb_background.cpp">
      <Filter>Source Files</Filter>
    </ClCompile>
    <ClCompile Include="src\fb_game.cpp">
      <Filter>Source Files</Filter>
    </ClCompile>
    <ClCompile Include="src\fb_ground.cpp">
      <Filter>Source Files</Filter>
    </ClCompile>
    <ClCompile Include="src\fb_main.cpp">
      <Filter>Source Files</Filter>
    </ClCompile>
    <ClCompile Include="src\fb_pipes.cpp">
      <Filter>Source Files</Filter>
    </ClCompile>
    <ClCompile Include="src\fb_window.cpp">
      <Filter>Source Files</Filter>
    </ClCompile>
    <ClCompile Include="src\MWC_Rand.cpp">
      <Filter>Source Files</Filter>
    </ClCompile>
    <ClCompile Include="src\player.cpp">
      <Filter>Source Files</Filter>
    </ClCompile>
    <ClCompile Include="src\sound_manager.cpp">
      <Filter>Source Files</Filter>
    </ClCompile>
  </ItemGroup>
  <ItemGroup>
    <ClInclude Include="src\fb_background.h">
      <Filter>Header Files\Environment</Filter>
    </ClInclude>
    <ClInclude Include="src\fb_game.h">
      <Filter>Header Files</Filter>
    </ClInclude>
    <ClInclude Include="src\fb_game_acts.h">
      <Filter>Header Files\Environment</Filter>
    </ClInclude>
    <ClInclude Include="src\fb_game_object.h">
      <Filter>Header Files\Environment</Filter>
    </ClInclude>
    <ClInclude Include="src\fb_globals.h">
      <Filter>Header Files</Filter>
    </ClInclude>
    <ClInclude Include="src\fb_ground.h">
      <Filter>Header Files\Environment</Filter>
    </ClInclude>
    <ClInclude Include="src\fb_pipes.h">
      <Filter>Header Files\Environment</Filter>
    </ClInclude>
    <ClInclude Include="src\fb_window.h">
      <Filter>Header Files\Display</Filter>
    </ClInclude>
    <ClInclude Include="src\MWC_Rand.h">
      <Filter>Header Files</Filter>
    </ClInclude>
    <ClInclude Include="src\player.h">
      <Filter>Header Files\Environment</Filter>
    </ClInclude>
    <ClInclude Include="src\sound_manager.h">
      <Filter>Header Files\Sound</Filter>
    </ClInclude>
    <ClInclude Include="src\config.h">
      <Filter>Header Files\Config</Filter>
    </ClInclude>
  </ItemGroup>
</Project>